# This file is automatically @generated by Wally.
# It is not intended for manual editing.
registry = "test"

[[package]]
name = "red-blox/clock"
version = "1.0.0"
dependencies = []

[[package]]
name = "red-blox/promise"
version = "1.0.0"
dependencies = [["Spawn", "red-blox/spawn@1.0.0"]]

[[package]]
name = "red-blox/red"
version = "0.1.0"
dependencies = [["Clock", "red-blox/clock@1.0.0"], ["Promise", "red-blox/promise@1.0.0"], ["Spawn", "red-blox/spawn@1.0.0"]]

[[package]]
name = "red-blox/spawn"
version = "1.0.0"
dependencies = []
